{
  "name": "npm-dlc",
  "version": "1.0.4",
  "lockfileVersion": 1,
  "requires": true,
  "dependencies": {
    "ansi-escape-sequences": {
      "version": "5.1.2",
      "resolved": "https://registry.npmjs.org/ansi-escape-sequences/-/ansi-escape-sequences-5.1.2.tgz",
      "integrity": "sha512-JcpoVp1W1bl1Qn4cVuiXEhD6+dyXKSOgCn2zlzE8inYgCJCBy1aPnUhlz6I4DFum8D4ovb9Qi/iAjUcGvG2lqw==",
      "requires": {
        "array-back": "^4.0.0"
      }
    },
    "array-back": {
      "version": "4.0.1",
      "resolved": "https://registry.npmjs.org/array-back/-/array-back-4.0.1.tgz",
      "integrity": "sha512-Z/JnaVEXv+A9xabHzN43FiiiWEE7gPCRXMrVmRm00tWbjZRul1iHm7ECzlyNq1p4a4ATXz+G9FJ3GqGOkOV3fg=="
    },
    "axios": {
      "version": "0.21.1",
      "resolved": "https://registry.npmjs.org/axios/-/axios-0.21.1.tgz",
      "integrity": "sha512-dKQiRHxGD9PPRIUNIWvZhPTPpl1rf/OxTYKsqKUDjBwYylTvV7SjSHJb9ratfyzM6wCdLCOYLzs73qpg5c4iGA==",
      "requires": {
        "follow-redirects": "^1.10.0"
      }
    },
    "debug": {
      "version": "4.1.1",
      "resolved": "https://registry.npmjs.org/debug/-/debug-4.1.1.tgz",
      "integrity": "sha512-pYAIzeRo8J6KPEaJ0VWOh5Pzkbw/RetuzehGM7QRRX5he4fPHx2rdKMB256ehJCkX+XRQm16eZLqLNS8RSZXZw==",
      "dev": true,
      "requires": {
        "ms": "^2.1.1"
      }
    },
    "eastasianwidth": {
      "version": "0.2.0",
      "resolved": "https://registry.npmjs.org/eastasianwidth/-/eastasianwidth-0.2.0.tgz",
      "integrity": "sha512-I88TYZWc9XiYHRQ4/3c5rjjfgkjhLyW2luGIheGERbNQ6OY7yTybanSpDXZa8y7VUP9YmDcYa+eyq4ca7iLqWA=="
    },
    "follow-redirects": {
      "version": "1.14.9",
      "resolved": "https://registry.npmjs.org/follow-redirects/-/follow-redirects-1.14.9.tgz",
      "integrity": "sha512-MQDfihBQYMcyy5dhRDJUHcw7lb2Pv/TuE6xP1vyraLukNDHKbDxDNaOE3NbCAdKQApno+GPRyo1YAp89yCjK4w=="
    },
    "hash-arg": {
      "version": "0.3.5",
      "resolved": "https://registry.npmjs.org/hash-arg/-/hash-arg-0.3.5.tgz",
      "integrity": "sha512-llYtXzhbu8hrdQG+RDO3kIwHy2Ex5SpVqPsVjzr0uA3+nx1dRYwLQtt8FnvBb7n0rN8qV+kgOu8SezCLGpmheg=="
    },
    "he": {
      "version": "1.1.1",
      "resolved": "https://registry.npmjs.org/he/-/he-1.1.1.tgz",
      "integrity": "sha1-k0EP0hsAlzUVH4howvJx80J+I/0="
    },
    "list-it": {
      "version": "1.2.1",
      "resolved": "https://registry.npmjs.org/list-it/-/list-it-1.2.1.tgz",
      "integrity": "sha512-NT/T5PzC5lo1qg2KB9eVNJlxU/ueGAvA51fG4CiXWNSEwtLhOQEpOXQ6aSRf+vOg2qf68NA3LRjaiFJI+iQVTg==",
      "requires": {
        "ansi-escape-sequences": "^5.1.2",
        "eastasianwidth": "^0.2.0"
      }
    },
    "ms": {
      "version": "2.1.2",
      "resolved": "https://registry.npmjs.org/ms/-/ms-2.1.2.tgz",
      "integrity": "sha512-sGkPx+VjMtmA6MX27oA4FBFELFCZZ4S4XqeGOXCv68tT+jb3vk/RyaKWP0PTKyWtmLSM0b+adUTEvbs1PEaH2w==",
      "dev": true
    },
    "node-getopt": {
      "version": "0.3.2",
      "resolved": "https://registry.npmjs.org/node-getopt/-/node-getopt-0.3.2.tgz",
      "integrity": "sha512-yqkmYrMbK1wPrfz7mgeYvA4tBperLg9FQ4S3Sau3nSAkpOA0x0zC8nQ1siBwozy1f4SE8vq2n1WKv99r+PCa1Q=="
    },
    "node-html-parser": {
      "version": "1.2.6",
      "resolved": "https://registry.npmjs.org/node-html-parser/-/node-html-parser-1.2.6.tgz",
      "integrity": "sha512-SW9DwkLB+UwvGKlsNxz+9ucI2+kiTtV3v8ERz588kScRttZrvezF29aJceRvVA+xmIeKwHDv/aePIf+JMGoeIA==",
      "requires": {
        "he": "1.1.1"
      }
    }
  }
}
